{
  "name": "rapid-pui",
  "version": "1.0.1",
  "lockfileVersion": 3,
  "requires": true,
  "packages": {
    "": {
      "name": "rapid-pui",
      "version": "1.0.1",
      "license": "MIT",
      "dependencies": {
        "rapid-pui": "^1.0.1"
      }
    },
    "node_modules/rapid-pui": {
      "version": "1.0.1",
      "resolved": "https://registry.npmjs.org/rapid-pui/-/rapid-pui-1.0.1.tgz",
      "integrity": "sha512-PxQLIs3QU1YWg9cVBVDnzKaxZ3tRVR9MpllD34RRo+zK3nfXSaqM9B4tht13I81/UtPnYrCEI6tV8Ga3q94i0g=="
    }
  }
}
